# THIS IS AN AUTOGENERATED FILE. DO NOT EDIT THIS FILE DIRECTLY.
# yarn lockfile v1


gitbook-plugin-page-ref@^0.0.17:
  version "0.0.17"
  resolved "https://registry.yarnpkg.com/gitbook-plugin-page-ref/-/gitbook-plugin-page-ref-0.0.17.tgz#a7b501b2b7e0617e278621da39985fcfce5b393c"
  integrity sha512-jsqKphbdAy3SW9v4zs622tlApTb1iyOFcTNljhr7cpY1pBs0RxRwdLD7AtIRlGMJFNP2caVjbGOJXRVIF+3hHw==

gitbook-plugin-puml@^1.0.1:
  version "1.0.1"
  resolved "https://registry.yarnpkg.com/gitbook-plugin-puml/-/gitbook-plugin-puml-1.0.1.tgz#8930d54b51e7574e352cf08f6e156baa50ce6d17"
  integrity sha1-iTDVS1HnV041LPCPbhVrqlDObRc=
  dependencies:
    plantuml-encoder "1.2.3"

pako@^0.2.7:
  version "0.2.9"
  resolved "https://registry.yarnpkg.com/pako/-/pako-0.2.9.tgz#f3f7522f4ef782348da8161bad9ecfd51bf83a75"
  integrity sha1-8/dSL073gjSNqBYbrZ7P1Rv4OnU=

plantuml-encoder@1.2.3:
  version "1.2.3"
  resolved "https://registry.yarnpkg.com/plantuml-encoder/-/plantuml-encoder-1.2.3.tgz#c8514110aa04a0c0e01f22374d911780ed58544d"
  integrity sha1-yFFBEKoEoMDgHyI3TZEXgO1YVE0=
  dependencies:
    pako "^0.2.7"
